// !$*UTF8*$!
{
	archiveVersion = 1;
	classes = {
	};
	objectVersion = 46;
	objects = {

/* Begin PBXBuildFile section */
		D504DD071DDEC18500177A8A /* AppDelegate.swift in Sources */ = {isa = PBXBuildFile; fileRef = D504DD061DDEC18500177A8A /* AppDelegate.swift */; };
		D504DD091DDEC18500177A8A /* Assets.xcassets in Resources */ = {isa = PBXBuildFile; fileRef = D504DD081DDEC18500177A8A /* Assets.xcassets */; };
		D504DD0C1DDEC18500177A8A /* MainMenu.xib in Resources */ = {isa = PBXBuildFile; fileRef = D504DD0A1DDEC18500177A8A /* MainMenu.xib */; };
		D580DBB31DE7F8FD006159C9 /* main.swift in Sources */ = {isa = PBXBuildFile; fileRef = D580DBB21DE7F8FD006159C9 /* main.swift */; };
		D580DBB91DE7F95A006159C9 /* sysconf_helper in Resources */ = {isa = PBXBuildFile; fileRef = D580DBB01DE7F8FD006159C9 /* sysconf_helper */; };
		D580DBBB1DE81914006159C9 /* install_helper.sh in Resources */ = {isa = PBXBuildFile; fileRef = D580DBBA1DE81914006159C9 /* install_helper.sh */; };
/* End PBXBuildFile section */

/* Begin PBXContainerItemProxy section */
		D580DBB71DE7F954006159C9 /* PBXContainerItemProxy */ = {
			isa = PBXContainerItemProxy;
			containerPortal = D504DCFB1DDEC18500177A8A /* Project object */;
			proxyType = 1;
			remoteGlobalIDString = D580DBAF1DE7F8FD006159C9;
			remoteInfo = sysconf_helper;
		};
/* End PBXContainerItemProxy section */

/* Begin PBXCopyFilesBuildPhase section */
		D580DBAE1DE7F8FD006159C9 /* CopyFiles */ = {
			isa = PBXCopyFilesBuildPhase;
			buildActionMask = 2147483647;
			dstPath = /usr/share/man/man1/;
			dstSubfolderSpec = 0;
			files = (
			);
			runOnlyForDeploymentPostprocessing = 1;
		};
/* End PBXCopyFilesBuildPhase section */

/* Begin PBXFileReference section */
		D504DD031DDEC18500177A8A /* DnsChanger.app */ = {isa = PBXFileReference; explicitFileType = wrapper.application; includeInIndex = 0; path = DnsChanger.app; sourceTree = BUILT_PRODUCTS_DIR; };
		D504DD061DDEC18500177A8A /* AppDelegate.swift */ = {isa = PBXFileReference; lastKnownFileType = sourcecode.swift; path = AppDelegate.swift; sourceTree = "<group>"; };
		D504DD081DDEC18500177A8A /* Assets.xcassets */ = {isa = PBXFileReference; lastKnownFileType = folder.assetcatalog; path = Assets.xcassets; sourceTree = "<group>"; };
		D504DD0B1DDEC18500177A8A /* Base */ = {isa = PBXFileReference; lastKnownFileType = file.xib; name = Base; path = Base.lproj/MainMenu.xib; sourceTree = "<group>"; };
		D504DD0D1DDEC18500177A8A /* Info.plist */ = {isa = PBXFileReference; lastKnownFileType = text.plist.xml; path = Info.plist; sourceTree = "<group>"; };
		D580DBB01DE7F8FD006159C9 /* sysconf_helper */ = {isa = PBXFileReference; explicitFileType = "compiled.mach-o.executable"; includeInIndex = 0; path = sysconf_helper; sourceTree = BUILT_PRODUCTS_DIR; };
		D580DBB21DE7F8FD006159C9 /* main.swift */ = {isa = PBXFileReference; lastKnownFileType = sourcecode.swift; path = main.swift; sourceTree = "<group>"; };
		D580DBBA1DE81914006159C9 /* install_helper.sh */ = {isa = PBXFileReference; fileEncoding = 4; lastKnownFileType = text.script.sh; path = install_helper.sh; sourceTree = "<group>"; };
/* End PBXFileReference section */

/* Begin PBXFrameworksBuildPhase section */
		D504DD001DDEC18500177A8A /* Frameworks */ = {
			isa = PBXFrameworksBuildPhase;
			buildActionMask = 2147483647;
			files = (
			);
			runOnlyForDeploymentPostprocessing = 0;
		};
		D580DBAD1DE7F8FD006159C9 /* Frameworks */ = {
			isa = PBXFrameworksBuildPhase;
			buildActionMask = 2147483647;
			files = (
			);
			runOnlyForDeploymentPostprocessing = 0;
		};
/* End PBXFrameworksBuildPhase section */

/* Begin PBXGroup section */
		D504DCFA1DDEC18500177A8A = {
			isa = PBXGroup;
			children = (
				D504DD051DDEC18500177A8A /* DnsChanger */,
				D580DBB11DE7F8FD006159C9 /* sysconf_helper */,
				D504DD041DDEC18500177A8A /* Products */,
			);
			sourceTree = "<group>";
		};
		D504DD041DDEC18500177A8A /* Products */ = {
			isa = PBXGroup;
			children = (
				D504DD031DDEC18500177A8A /* DnsChanger.app */,
				D580DBB01DE7F8FD006159C9 /* sysconf_helper */,
			);
			name = Products;
			sourceTree = "<group>";
		};
		D504DD051DDEC18500177A8A /* DnsChanger */ = {
			isa = PBXGroup;
			children = (
				D504DD061DDEC18500177A8A /* AppDelegate.swift */,
				D504DD081DDEC18500177A8A /* Assets.xcassets */,
				D504DD0A1DDEC18500177A8A /* MainMenu.xib */,
				D504DD0D1DDEC18500177A8A /* Info.plist */,
				D580DBBA1DE81914006159C9 /* install_helper.sh */,
			);
			path = DnsChanger;
			sourceTree = "<group>";
		};
		D580DBB11DE7F8FD006159C9 /* sysconf_helper */ = {
			isa = PBXGroup;
			children = (
				D580DBB21DE7F8FD006159C9 /* main.swift */,
			);
			path = sysconf_helper;
			sourceTree = "<group>";
		};
/* End PBXGroup section */

/* Begin PBXNativeTarget section */
		D504DD021DDEC18500177A8A /* DnsChanger */ = {
			isa = PBXNativeTarget;
			buildConfigurationList = D504DD101DDEC18500177A8A /* Build configuration list for PBXNativeTarget "DnsChanger" */;
			buildPhases = (
				D504DCFF1DDEC18500177A8A /* Sources */,
				D504DD001DDEC18500177A8A /* Frameworks */,
				D504DD011DDEC18500177A8A /* Resources */,
			);
			buildRules = (
			);
			dependencies = (
				D580DBB81DE7F954006159C9 /* PBXTargetDependency */,
			);
			name = DnsChanger;
			productName = DnsChanger;
			productReference = D504DD031DDEC18500177A8A /* DnsChanger.app */;
			productType = "com.apple.product-type.application";
		};
		D580DBAF1DE7F8FD006159C9 /* sysconf_helper */ = {
			isa = PBXNativeTarget;
			buildConfigurationList = D580DBB61DE7F8FD006159C9 /* Build configuration list for PBXNativeTarget "sysconf_helper" */;
			buildPhases = (
				D580DBAC1DE7F8FD006159C9 /* Sources */,
				D580DBAD1DE7F8FD006159C9 /* Frameworks */,
				D580DBAE1DE7F8FD006159C9 /* CopyFiles */,
			);
			buildRules = (
			);
			dependencies = (
			);
			name = sysconf_helper;
			productName = sysconf_helper;
			productReference = D580DBB01DE7F8FD006159C9 /* sysconf_helper */;
			productType = "com.apple.product-type.tool";
		};
/* End PBXNativeTarget section */

/* Begin PBXProject section */
		D504DCFB1DDEC18500177A8A /* Project object */ = {
			isa = PBXProject;
			attributes = {
				LastSwiftUpdateCheck = 0810;
				LastUpgradeCheck = 0810;
				ORGANIZATIONNAME = "Peter Young";
				TargetAttributes = {
					D504DD021DDEC18500177A8A = {
						CreatedOnToolsVersion = 8.1;
						ProvisioningStyle = Automatic;
					};
					D580DBAF1DE7F8FD006159C9 = {
						CreatedOnToolsVersion = 8.1;
						ProvisioningStyle = Automatic;
					};
				};
			};
			buildConfigurationList = D504DCFE1DDEC18500177A8A /* Build configuration list for PBXProject "DnsChanger" */;
			compatibilityVersion = "Xcode 3.2";
			developmentRegion = English;
			hasScannedForEncodings = 0;
			knownRegions = (
				en,
				Base,
			);
			mainGroup = D504DCFA1DDEC18500177A8A;
			productRefGroup = D504DD041DDEC18500177A8A /* Products */;
			projectDirPath = "";
			projectRoot = "";
			targets = (
				D504DD021DDEC18500177A8A /* DnsChanger */,
				D580DBAF1DE7F8FD006159C9 /* sysconf_helper */,
			);
		};
/* End PBXProject section */

/* Begin PBXResourcesBuildPhase section */
		D504DD011DDEC18500177A8A /* Resources */ = {
			isa = PBXResourcesBuildPhase;
			buildActionMask = 2147483647;
			files = (
				D580DBBB1DE81914006159C9 /* install_helper.sh in Resources */,
				D580DBB91DE7F95A006159C9 /* sysconf_helper in Resources */,
				D504DD091DDEC18500177A8A /* Assets.xcassets in Resources */,
				D504DD0C1DDEC18500177A8A /* MainMenu.xib in Resources */,
			);
			runOnlyForDeploymentPostprocessing = 0;
		};
/* End PBXResourcesBuildPhase section */

/* Begin PBXSourcesBuildPhase section */
		D504DCFF1DDEC18500177A8A /* Sources */ = {
			isa = PBXSourcesBuildPhase;
			buildActionMask = 2147483647;
			files = (
				D504DD071DDEC18500177A8A /* AppDelegate.swift in Sources */,
			);
			runOnlyForDeploymentPostprocessing = 0;
		};
		D580DBAC1DE7F8FD006159C9 /* Sources */ = {
			isa = PBXSourcesBuildPhase;
			buildActionMask = 2147483647;
			files = (
				D580DBB31DE7F8FD006159C9 /* main.swift in Sources */,
			);
			runOnlyForDeploymentPostprocessing = 0;
		};
/* End PBXSourcesBuildPhase section */

/* Begin PBXTargetDependency section */
		D580DBB81DE7F954006159C9 /* PBXTargetDependency */ = {
			isa = PBXTargetDependency;
			target = D580DBAF1DE7F8FD006159C9 /* sysconf_helper */;
			targetProxy = D580DBB71DE7F954006159C9 /* PBXContainerItemProxy */;
		};
/* End PBXTargetDependency section */

/* Begin PBXVariantGroup section */
		D504DD0A1DDEC18500177A8A /* MainMenu.xib */ = {
			isa = PBXVariantGroup;
			children = (
				D504DD0B1DDEC18500177A8A /* Base */,
			);
			name = MainMenu.xib;
			sourceTree = "<group>";
		};
/* End PBXVariantGroup section */

/* Begin XCBuildConfiguration section */
		D504DD0E1DDEC18500177A8A /* Debug */ = {
			isa = XCBuildConfiguration;
			buildSettings = {
				ALWAYS_SEARCH_USER_PATHS = NO;
				CLANG_ANALYZER_NONNULL = YES;
				CLANG_CXX_LANGUAGE_STANDARD = "gnu++0x";
				CLANG_CXX_LIBRARY = "libc++";
				CLANG_ENABLE_MODULES = YES;
				CLANG_ENABLE_OBJC_ARC = YES;
				CLANG_WARN_BOOL_CONVERSION = YES;
				CLANG_WARN_CONSTANT_CONVERSION = YES;
				CLANG_WARN_DIRECT_OBJC_ISA_USAGE = YES_ERROR;
				CLANG_WARN_DOCUMENTATION_COMMENTS = YES;
				CLANG_WARN_EMPTY_BODY = YES;
				CLANG_WARN_ENUM_CONVERSION = YES;
				CLANG_WARN_INFINITE_RECURSION = YES;
				CLANG_WARN_INT_CONVERSION = YES;
				CLANG_WARN_OBJC_ROOT_CLASS = YES_ERROR;
				CLANG_WARN_SUSPICIOUS_MOVES = YES;
				CLANG_WARN_UNREACHABLE_CODE = YES;
				CLANG_WARN__DUPLICATE_METHOD_MATCH = YES;
				CODE_SIGN_IDENTITY = "-";
				COPY_PHASE_STRIP = NO;
				DEBUG_INFORMATION_FORMAT = dwarf;
				ENABLE_STRICT_OBJC_MSGSEND = YES;
				ENABLE_TESTABILITY = YES;
				GCC_C_LANGUAGE_STANDARD = gnu99;
				GCC_DYNAMIC_NO_PIC = NO;
				GCC_NO_COMMON_BLOCKS = YES;
				GCC_OPTIMIZATION_LEVEL = 0;
				GCC_PREPROCESSOR_DEFINITIONS = (
					"DEBUG=1",
					"$(inherited)",
				);
				GCC_WARN_64_TO_32_BIT_CONVERSION = YES;
				GCC_WARN_ABOUT_RETURN_TYPE = YES_ERROR;
				GCC_WARN_UNDECLARED_SELECTOR = YES;
				GCC_WARN_UNINITIALIZED_AUTOS = YES_AGGRESSIVE;
				GCC_WARN_UNUSED_FUNCTION = YES;
				GCC_WARN_UNUSED_VARIABLE = YES;
				MACOSX_DEPLOYMENT_TARGET = 10.12;
				MTL_ENABLE_DEBUG_INFO = YES;
				ONLY_ACTIVE_ARCH = YES;
				SDKROOT = macosx;
				SWIFT_ACTIVE_COMPILATION_CONDITIONS = DEBUG;
				SWIFT_OPTIMIZATION_LEVEL = "-Onone";
			};
			name = Debug;
		};
		D504DD0F1DDEC18500177A8A /* Release */ = {
			isa = XCBuildConfiguration;
			buildSettings = {
				ALWAYS_SEARCH_USER_PATHS = NO;
				CLANG_ANALYZER_NONNULL = YES;
				CLANG_CXX_LANGUAGE_STANDARD = "gnu++0x";
				CLANG_CXX_LIBRARY = "libc++";
				CLANG_ENABLE_MODULES = YES;
				CLANG_ENABLE_OBJC_ARC = YES;
				CLANG_WARN_BOOL_CONVERSION = YES;
				CLANG_WARN_CONSTANT_CONVERSION = YES;
				CLANG_WARN_DIRECT_OBJC_ISA_USAGE = YES_ERROR;
				CLANG_WARN_DOCUMENTATION_COMMENTS = YES;
				CLANG_WARN_EMPTY_BODY = YES;
				CLANG_WARN_ENUM_CONVERSION = YES;
				CLANG_WARN_INFINITE_RECURSION = YES;
				CLANG_WARN_INT_CONVERSION = YES;
				CLANG_WARN_OBJC_ROOT_CLASS = YES_ERROR;
				CLANG_WARN_SUSPICIOUS_MOVES = YES;
				CLANG_WARN_UNREACHABLE_CODE = YES;
				CLANG_WARN__DUPLICATE_METHOD_MATCH = YES;
				CODE_SIGN_IDENTITY = "-";
				COPY_PHASE_STRIP = NO;
				DEBUG_INFORMATION_FORMAT = "dwarf-with-dsym";
				ENABLE_NS_ASSERTIONS = NO;
				ENABLE_STRICT_OBJC_MSGSEND = YES;
				GCC_C_LANGUAGE_STANDARD = gnu99;
				GCC_NO_COMMON_BLOCKS = YES;
				GCC_WARN_64_TO_32_BIT_CONVERSION = YES;
				GCC_WARN_ABOUT_RETURN_TYPE = YES_ERROR;
				GCC_WARN_UNDECLARED_SELECTOR = YES;
				GCC_WARN_UNINITIALIZED_AUTOS = YES_AGGRESSIVE;
				GCC_WARN_UNUSED_FUNCTION = YES;
				GCC_WARN_UNUSED_VARIABLE = YES;
				MACOSX_DEPLOYMENT_TARGET = 10.12;
				MTL_ENABLE_DEBUG_INFO = NO;
				SDKROOT = macosx;
				SWIFT_OPTIMIZATION_LEVEL = "-Owholemodule";
			};
			name = Release;
		};
		D504DD111DDEC18500177A8A /* Debug */ = {
			isa = XCBuildConfiguration;
			buildSettings = {
				ASSETCATALOG_COMPILER_APPICON_NAME = AppIcon;
				COMBINE_HIDPI_IMAGES = YES;
				INFOPLIST_FILE = DnsChanger/Info.plist;
				LD_RUNPATH_SEARCH_PATHS = "$(inherited) @executable_path/../Frameworks";
				MACOSX_DEPLOYMENT_TARGET = 10.10;
				PRODUCT_BUNDLE_IDENTIFIER = com.young40.DnsChanger;
				PRODUCT_NAME = "$(TARGET_NAME)";
				SWIFT_VERSION = 3.0;
			};
			name = Debug;
		};
		D504DD121DDEC18500177A8A /* Release */ = {
			isa = XCBuildConfiguration;
			buildSettings = {
				ASSETCATALOG_COMPILER_APPICON_NAME = AppIcon;
				COMBINE_HIDPI_IMAGES = YES;
				INFOPLIST_FILE = DnsChanger/Info.plist;
				LD_RUNPATH_SEARCH_PATHS = "$(inherited) @executable_path/../Frameworks";
				MACOSX_DEPLOYMENT_TARGET = 10.10;
				PRODUCT_BUNDLE_IDENTIFIER = com.young40.DnsChanger;
				PRODUCT_NAME = "$(TARGET_NAME)";
				SWIFT_VERSION = 3.0;
			};
			name = Release;
		};
		D580DBB41DE7F8FD006159C9 /* Debug */ = {
			isa = XCBuildConfiguration;
			buildSettings = {
				PRODUCT_NAME = "$(TARGET_NAME)";
				SWIFT_VERSION = 3.0;
			};
			name = Debug;
		};
		D580DBB51DE7F8FD006159C9 /* Release */ = {
			isa = XCBuildConfiguration;
			buildSettings = {
				PRODUCT_NAME = "$(TARGET_NAME)";
				SWIFT_VERSION = 3.0;
			};
			name = Release;
		};
/* End XCBuildConfiguration section */

/* Begin XCConfigurationList section */
		D504DCFE1DDEC18500177A8A /* Build configuration list for PBXProject "DnsChanger" */ = {
			isa = XCConfigurationList;
			buildConfigurations = (
				D504DD0E1DDEC18500177A8A /* Debug */,
				D504DD0F1DDEC18500177A8A /* Release */,
			);
			defaultConfigurationIsVisible = 0;
			defaultConfigurationName = Release;
		};
		D504DD101DDEC18500177A8A /* Build configuration list for PBXNativeTarget "DnsChanger" */ = {
			isa = XCConfigurationList;
			buildConfigurations = (
				D504DD111DDEC18500177A8A /* Debug */,
				D504DD121DDEC18500177A8A /* Release */,
			);
			defaultConfigurationIsVisible = 0;
			defaultConfigurationName = Release;
		};
		D580DBB61DE7F8FD006159C9 /* Build configuration list for PBXNativeTarget "sysconf_helper" */ = {
			isa = XCConfigurationList;
			buildConfigurations = (
				D580DBB41DE7F8FD006159C9 /* Debug */,
				D580DBB51DE7F8FD006159C9 /* Release */,
			);
			defaultConfigurationIsVisible = 0;
			defaultConfigurationName = Release;
		};
/* End XCConfigurationList section */
	};
	rootObject = D504DCFB1DDEC18500177A8A /* Project object */;
}
